
Microsoft Visual Studio Solution File, Format Version 12.00
# Visual Studio 15
VisualStudioVersion = 15.0.27703.2047
MinimumVisualStudioVersion = 10.0.40219.1
Project("{FAE04EC0-301F-11D3-BF4B-00C04F79EFBC}") = "WebServer", "WebServer\WebServer.csproj", "{B17CBEF1-083E-45E0-8EF5-7D269657D03E}"
EndProject
Global
	GlobalSection(SolutionConfigurationPlatforms) = preSolution
		Debug|Any CPU = Debug|Any CPU
		Release|Any CPU = Release|Any CPU
	EndGlobalSection
	GlobalSection(ProjectConfigurationPlatforms) = postSolution
		{B17CBEF1-083E-45E0-8EF5-7D269657D03E}.Debug|Any CPU.ActiveCfg = Debug|Any CPU
		{B17CBEF1-083E-45E0-8EF5-7D269657D03E}.Debug|Any CPU.Build.0 = Debug|Any CPU
		{B17CBEF1-083E-45E0-8EF5-7D269657D03E}.Release|Any CPU.ActiveCfg = Release|Any CPU
		{B17CBEF1-083E-45E0-8EF5-7D269657D03E}.Release|Any CPU.Build.0 = Release|Any CPU
	EndGlobalSection
	GlobalSection(SolutionProperties) = preSolution
		HideSolutionNode = FALSE
	EndGlobalSection
	GlobalSection(ExtensibilityGlobals) = postSolution
		SolutionGuid = {1614E549-2F48-453F-969A-4DB3DBF7CE2D}
	EndGlobalSection
EndGlobal
